{
  "projects": [
    {
      "projectId": "seaQhLVS4bbjiGvJJrRwyL",
      "version": "15.0.3",
      "dependencies": {},
      "lang": "ts",
      "fileLocks": [
        {
          "assetId": "seaQhLVS4bbjiGvJJrRwyL",
          "type": "projectCss",
          "checksum": "dc88471beadb978e51eb3ceb75d10fdb"
        }
      ]
    },
    {
      "projectId": "4smDGpnAjxXprAJJNMsm4F",
      "version": "latest",
      "dependencies": {
        "seaQhLVS4bbjiGvJJrRwyL": "15.0.3"
      },
      "lang": "ts",
      "fileLocks": [
        {
          "type": "globalVariant",
          "assetId": "wzOKwfzlFFdQt",
          "checksum": "bff0e5d264c8db39d1dbf4623cb0f6c2"
        },
        {
          "assetId": "4smDGpnAjxXprAJJNMsm4F",
          "type": "projectCss",
          "checksum": "1625e3a6c71af3ef3c27f33d7b2966fd"
        },
        {
          "type": "renderModule",
          "assetId": "qSCo5LIBKogb6",
          "checksum": "80c46a0d6daa9406a172004f93a4ad76"
        },
        {
          "type": "cssRules",
          "assetId": "qSCo5LIBKogb6",
          "checksum": "80c46a0d6daa9406a172004f93a4ad76"
        },
        {
          "type": "renderModule",
          "assetId": "N170ewgljCnaz",
          "checksum": "8babd674c69bbadf9954f7fe769b4f1d"
        },
        {
          "type": "cssRules",
          "assetId": "N170ewgljCnaz",
          "checksum": "8babd674c69bbadf9954f7fe769b4f1d"
        },
        {
          "type": "renderModule",
          "assetId": "CuoeLC8bmCrU8",
          "checksum": "53dd136988beeccec69a3ec2ed8e57c0"
        },
        {
          "type": "cssRules",
          "assetId": "CuoeLC8bmCrU8",
          "checksum": "53dd136988beeccec69a3ec2ed8e57c0"
        },
        {
          "type": "renderModule",
          "assetId": "I2Tl4s0MjH4lI",
          "checksum": "f2b7890eb84391aa5423cd014125a1e3"
        },
        {
          "type": "cssRules",
          "assetId": "I2Tl4s0MjH4lI",
          "checksum": "f2b7890eb84391aa5423cd014125a1e3"
        },
        {
          "type": "renderModule",
          "assetId": "_dAnqW-cFBjXk",
          "checksum": "4b46260b5fbbf8b85a52c8930f5993be"
        },
        {
          "type": "cssRules",
          "assetId": "_dAnqW-cFBjXk",
          "checksum": "4b46260b5fbbf8b85a52c8930f5993be"
        },
        {
          "type": "renderModule",
          "assetId": "BTNrH-X8sJtFz",
          "checksum": "7137a2eb25deecfb6a5edd3e4c679e9f"
        },
        {
          "type": "cssRules",
          "assetId": "BTNrH-X8sJtFz",
          "checksum": "7137a2eb25deecfb6a5edd3e4c679e9f"
        },
        {
          "type": "renderModule",
          "assetId": "0VzF18p6W9qeV",
          "checksum": "bf86510bf50beb2e2e843e8db2d1bfaa"
        },
        {
          "type": "cssRules",
          "assetId": "0VzF18p6W9qeV",
          "checksum": "bf86510bf50beb2e2e843e8db2d1bfaa"
        },
        {
          "type": "renderModule",
          "assetId": "9LQQvRQk5Agsp",
          "checksum": "3e90253148e16e78d8fe118da760ebc0"
        },
        {
          "type": "cssRules",
          "assetId": "9LQQvRQk5Agsp",
          "checksum": "3e90253148e16e78d8fe118da760ebc0"
        },
        {
          "type": "renderModule",
          "assetId": "Jken9iMDI9nE3",
          "checksum": "05ff291e44d96e2e3a6af131f7da34de"
        },
        {
          "type": "cssRules",
          "assetId": "Jken9iMDI9nE3",
          "checksum": "05ff291e44d96e2e3a6af131f7da34de"
        },
        {
          "type": "renderModule",
          "assetId": "KHUctKZ4wl3yj",
          "checksum": "12102b78fff82244efb030d5a86cd197"
        },
        {
          "type": "cssRules",
          "assetId": "KHUctKZ4wl3yj",
          "checksum": "12102b78fff82244efb030d5a86cd197"
        },
        {
          "type": "icon",
          "assetId": "szdf_Jb-yNbXZI",
          "checksum": "7bbfbfd77834e8a8e241b89c45b00e15"
        },
        {
          "type": "icon",
          "assetId": "j6my7liRkS1mYY",
          "checksum": "8eaf9f83739f710b1697ef819dbb0e7d"
        },
        {
          "type": "icon",
          "assetId": "mb2PBuZZT34ygW",
          "checksum": "0ff88fd80b76095d54cd0f96311c7268"
        },
        {
          "type": "icon",
          "assetId": "MlmpJnxFaKZgGV",
          "checksum": "f765819f2dc7e293f42b4d16b9e8dd34"
        },
        {
          "type": "icon",
          "assetId": "NU0PNhnXLJZxRU",
          "checksum": "27d263765c437f47c9c7cd0a0887f83b"
        },
        {
          "type": "icon",
          "assetId": "nbCoKakpCiZoVo",
          "checksum": "98f24ab1598dba91fd94ee133a407eb7"
        },
        {
          "type": "icon",
          "assetId": "ye2djb_FjhMCAM",
          "checksum": "2e57f36caaa42f88c2a6c62a87f676c7"
        },
        {
          "type": "icon",
          "assetId": "6XbOhvnnRwB51T",
          "checksum": "5032c1c0dfe1a2358a12ab0cbdbd0b4f"
        },
        {
          "type": "icon",
          "assetId": "kiHnggqHYbC9p7",
          "checksum": "f434a8256d65f37df285d7f9a2617703"
        },
        {
          "type": "icon",
          "assetId": "TnRhOMFK5Bc_0T",
          "checksum": "ba1d48987361570dc6ea5e715614a9fa"
        },
        {
          "type": "icon",
          "assetId": "kzhpWt8U-U8d9F",
          "checksum": "adcd22b6d816e65d1194531416e57a50"
        },
        {
          "type": "icon",
          "assetId": "vMQ3B0rNfPVwpv",
          "checksum": "9270bdea9022eec6a59fd81c202859c6"
        },
        {
          "type": "icon",
          "assetId": "b-ZwK9Bxn2B4rd",
          "checksum": "5b5f32c44059d3792cbb02a34e0d23f9"
        },
        {
          "type": "icon",
          "assetId": "BYOf1_7pBlohEy",
          "checksum": "1a1c64f7e81a7f07997aa2591ecb414a"
        },
        {
          "type": "icon",
          "assetId": "8xEF_dULebj1bL",
          "checksum": "0be0f4fa512125c15e7467e875ad125d"
        },
        {
          "type": "icon",
          "assetId": "XIao159ChuEp5e",
          "checksum": "b67a0bf11fb740b8b5247c916a2c945f"
        },
        {
          "type": "icon",
          "assetId": "ftbuYXo5HzaOb8",
          "checksum": "1ec7a77ad99ca90ede3271e55f0d1902"
        },
        {
          "type": "image",
          "assetId": "rH3VYT-_lArY2a",
          "checksum": "d5ddfde803becdb32562070327ab0fe3"
        },
        {
          "type": "image",
          "assetId": "yzLDd7ysEkmFGx",
          "checksum": "81d41133af5755028f2df29fa6c43faf"
        },
        {
          "type": "image",
          "assetId": "gBrjx0ujVNICmu",
          "checksum": "7f68f072c66da55af272a170107f616b"
        },
        {
          "type": "image",
          "assetId": "nWNvdB-MZLrZ-h",
          "checksum": "483eefa5cefdbf88e233b99bea08410d"
        },
        {
          "type": "image",
          "assetId": "yNpH2hW85Ebte0",
          "checksum": "ceec1b6fcf92e3e337745ddcc829ef92"
        },
        {
          "type": "image",
          "assetId": "Cp9T_UfUFtLOY5",
          "checksum": "1c4fa1b27554e61eafecda455241be2b"
        },
        {
          "type": "image",
          "assetId": "tX7bx--ayhFPpd",
          "checksum": "d176bdeefb9e7cb172bd67f54f10a3e1"
        },
        {
          "type": "image",
          "assetId": "9BOYtCaIrknqK_",
          "checksum": "4979c7ef35480c2f56cb1c4744c57963"
        },
        {
          "type": "image",
          "assetId": "6jezRhrS5tQIxd",
          "checksum": "7f9b282f3f0f60f1ea53cac02e18f6b3"
        },
        {
          "type": "image",
          "assetId": "jwPStMRfspUPLE",
          "checksum": "2805527a7b9e3cb28451d49ea72688e6"
        },
        {
          "type": "image",
          "assetId": "NgqgxhTQKzQc6S",
          "checksum": "877931db2b1229a4368ea98dafa59822"
        }
      ]
    }
  ],
  "cliVersion": "0.1.149"
}
